
Microsoft Visual Studio Solution File, Format Version 12.00
# Visual Studio Version 17
VisualStudioVersion = 17.0.32014.148
MinimumVisualStudioVersion = 10.0.40219.1
Project("{FAE04EC0-301F-11D3-BF4B-00C04F79EFBC}") = "CommanderWebAPI", "CommanderWebAPI.csproj", "{ADAFC206-4F3E-464D-BC68-7069221ABC76}"
EndProject
Global
	GlobalSection(SolutionConfigurationPlatforms) = preSolution
		Debug|Any CPU = Debug|Any CPU
		Release|Any CPU = Release|Any CPU
	EndGlobalSection
	GlobalSection(ProjectConfigurationPlatforms) = postSolution
		{ADAFC206-4F3E-464D-BC68-7069221ABC76}.Debug|Any CPU.ActiveCfg = Debug|Any CPU
		{ADAFC206-4F3E-464D-BC68-7069221ABC76}.Debug|Any CPU.Build.0 = Debug|Any CPU
		{ADAFC206-4F3E-464D-BC68-7069221ABC76}.Release|Any CPU.ActiveCfg = Release|Any CPU
		{ADAFC206-4F3E-464D-BC68-7069221ABC76}.Release|Any CPU.Build.0 = Release|Any CPU
	EndGlobalSection
	GlobalSection(SolutionProperties) = preSolution
		HideSolutionNode = FALSE
	EndGlobalSection
	GlobalSection(ExtensibilityGlobals) = postSolution
		SolutionGuid = {A47C312D-A695-4B02-B7AF-2C2DA10CDAB2}
	EndGlobalSection
EndGlobal
